// !$*UTF8*$!
{
	archiveVersion = 1;
	classes = {
	};
	objectVersion = 51;
	objects = {

/* Begin PBXBuildFile section */
		1E108975E6B8F63788D5AAE4 /* Pods_FIrebase_Config.framework in Frameworks */ = {isa = PBXBuildFile; fileRef = 769D188372E286AED4528656 /* Pods_FIrebase_Config.framework */; };
		DF79BBBE262E3030003C00F7 /* AppDelegate.swift in Sources */ = {isa = PBXBuildFile; fileRef = DF79BBBD262E3030003C00F7 /* AppDelegate.swift */; };
		DF79BBC0262E3030003C00F7 /* SceneDelegate.swift in Sources */ = {isa = PBXBuildFile; fileRef = DF79BBBF262E3030003C00F7 /* SceneDelegate.swift */; };
		DF79BBC2262E3030003C00F7 /* ViewController.swift in Sources */ = {isa = PBXBuildFile; fileRef = DF79BBC1262E3030003C00F7 /* ViewController.swift */; };
		DF79BBC5262E3030003C00F7 /* Main.storyboard in Resources */ = {isa = PBXBuildFile; fileRef = DF79BBC3262E3030003C00F7 /* Main.storyboard */; };
		DF79BBC7262E3032003C00F7 /* Assets.xcassets in Resources */ = {isa = PBXBuildFile; fileRef = DF79BBC6262E3032003C00F7 /* Assets.xcassets */; };
		DF79BBCA262E3032003C00F7 /* LaunchScreen.storyboard in Resources */ = {isa = PBXBuildFile; fileRef = DF79BBC8262E3032003C00F7 /* LaunchScreen.storyboard */; };
		DF79BBD3262E310E003C00F7 /* GoogleService-Info.plist in Resources */ = {isa = PBXBuildFile; fileRef = DF79BBD2262E310E003C00F7 /* GoogleService-Info.plist */; };
/* End PBXBuildFile section */

/* Begin PBXFileReference section */
		769D188372E286AED4528656 /* Pods_FIrebase_Config.framework */ = {isa = PBXFileReference; explicitFileType = wrapper.framework; includeInIndex = 0; path = Pods_FIrebase_Config.framework; sourceTree = BUILT_PRODUCTS_DIR; };
		B098D5C6105DF52223A85E73 /* Pods-FIrebase Config.release.xcconfig */ = {isa = PBXFileReference; includeInIndex = 1; lastKnownFileType = text.xcconfig; name = "Pods-FIrebase Config.release.xcconfig"; path = "Target Support Files/Pods-FIrebase Config/Pods-FIrebase Config.release.xcconfig"; sourceTree = "<group>"; };
		DF76A440263CF02F00B7797A /* FIrebase Config.entitlements */ = {isa = PBXFileReference; lastKnownFileType = text.plist.entitlements; path = "FIrebase Config.entitlements"; sourceTree = "<group>"; };
		DF79BBBA262E3030003C00F7 /* FIrebase Config.app */ = {isa = PBXFileReference; explicitFileType = wrapper.application; includeInIndex = 0; path = "FIrebase Config.app"; sourceTree = BUILT_PRODUCTS_DIR; };
		DF79BBBD262E3030003C00F7 /* AppDelegate.swift */ = {isa = PBXFileReference; lastKnownFileType = sourcecode.swift; path = AppDelegate.swift; sourceTree = "<group>"; };
		DF79BBBF262E3030003C00F7 /* SceneDelegate.swift */ = {isa = PBXFileReference; lastKnownFileType = sourcecode.swift; path = SceneDelegate.swift; sourceTree = "<group>"; };
		DF79BBC1262E3030003C00F7 /* ViewController.swift */ = {isa = PBXFileReference; lastKnownFileType = sourcecode.swift; path = ViewController.swift; sourceTree = "<group>"; };
		DF79BBC4262E3030003C00F7 /* Base */ = {isa = PBXFileReference; lastKnownFileType = file.storyboard; name = Base; path = Base.lproj/Main.storyboard; sourceTree = "<group>"; };
		DF79BBC6262E3032003C00F7 /* Assets.xcassets */ = {isa = PBXFileReference; lastKnownFileType = folder.assetcatalog; path = Assets.xcassets; sourceTree = "<group>"; };
		DF79BBC9262E3032003C00F7 /* Base */ = {isa = PBXFileReference; lastKnownFileType = file.storyboard; name = Base; path = Base.lproj/LaunchScreen.storyboard; sourceTree = "<group>"; };
		DF79BBCB262E3032003C00F7 /* Info.plist */ = {isa = PBXFileReference; lastKnownFileType = text.plist.xml; path = Info.plist; sourceTree = "<group>"; };
		DF79BBD2262E310E003C00F7 /* GoogleService-Info.plist */ = {isa = PBXFileReference; fileEncoding = 4; lastKnownFileType = text.plist.xml; path = "GoogleService-Info.plist"; sourceTree = "<group>"; };
		FB19888367E5CA3F9F91B8A3 /* Pods-FIrebase Config.debug.xcconfig */ = {isa = PBXFileReference; includeInIndex = 1; lastKnownFileType = text.xcconfig; name = "Pods-FIrebase Config.debug.xcconfig"; path = "Target Support Files/Pods-FIrebase Config/Pods-FIrebase Config.debug.xcconfig"; sourceTree = "<group>"; };
/* End PBXFileReference section */

/* Begin PBXFrameworksBuildPhase section */
		DF79BBB7262E3030003C00F7 /* Frameworks */ = {
			isa = PBXFrameworksBuildPhase;
			buildActionMask = 2147483647;
			files = (
				1E108975E6B8F63788D5AAE4 /* Pods_FIrebase_Config.framework in Frameworks */,
			);
			runOnlyForDeploymentPostprocessing = 0;
		};
/* End PBXFrameworksBuildPhase section */

/* Begin PBXGroup section */
		6BC7CF974FD30E17F6C8437A /* Pods */ = {
			isa = PBXGroup;
			children = (
				FB19888367E5CA3F9F91B8A3 /* Pods-FIrebase Config.debug.xcconfig */,
				B098D5C6105DF52223A85E73 /* Pods-FIrebase Config.release.xcconfig */,
			);
			path = Pods;
			sourceTree = "<group>";
		};
		C2CD3036C0A261635B366101 /* Frameworks */ = {
			isa = PBXGroup;
			children = (
				769D188372E286AED4528656 /* Pods_FIrebase_Config.framework */,
			);
			name = Frameworks;
			sourceTree = "<group>";
		};
		DF79BBB1262E3030003C00F7 = {
			isa = PBXGroup;
			children = (
				DF79BBBC262E3030003C00F7 /* FIrebase Config */,
				DF79BBBB262E3030003C00F7 /* Products */,
				6BC7CF974FD30E17F6C8437A /* Pods */,
				C2CD3036C0A261635B366101 /* Frameworks */,
			);
			sourceTree = "<group>";
		};
		DF79BBBB262E3030003C00F7 /* Products */ = {
			isa = PBXGroup;
			children = (
				DF79BBBA262E3030003C00F7 /* FIrebase Config.app */,
			);
			name = Products;
			sourceTree = "<group>";
		};
		DF79BBBC262E3030003C00F7 /* FIrebase Config */ = {
			isa = PBXGroup;
			children = (
				DF76A440263CF02F00B7797A /* FIrebase Config.entitlements */,
				DF79BBBD262E3030003C00F7 /* AppDelegate.swift */,
				DF79BBBF262E3030003C00F7 /* SceneDelegate.swift */,
				DF79BBC1262E3030003C00F7 /* ViewController.swift */,
				DF79BBC3262E3030003C00F7 /* Main.storyboard */,
				DF79BBC6262E3032003C00F7 /* Assets.xcassets */,
				DF79BBC8262E3032003C00F7 /* LaunchScreen.storyboard */,
				DF79BBCB262E3032003C00F7 /* Info.plist */,
				DF79BBD2262E310E003C00F7 /* GoogleService-Info.plist */,
			);
			path = "FIrebase Config";
			sourceTree = "<group>";
		};
/* End PBXGroup section */

/* Begin PBXNativeTarget section */
		DF79BBB9262E3030003C00F7 /* FIrebase Config */ = {
			isa = PBXNativeTarget;
			buildConfigurationList = DF79BBCE262E3032003C00F7 /* Build configuration list for PBXNativeTarget "FIrebase Config" */;
			buildPhases = (
				46D1FA21A24C2E41C9E09AA3 /* [CP] Check Pods Manifest.lock */,
				DF79BBB6262E3030003C00F7 /* Sources */,
				DF79BBB7262E3030003C00F7 /* Frameworks */,
				DF79BBB8262E3030003C00F7 /* Resources */,
				AF2D915BE6AB4D99358C91D6 /* [CP] Embed Pods Frameworks */,
			);
			buildRules = (
			);
			dependencies = (
			);
			name = "FIrebase Config";
			productName = "FIrebase Config";
			productReference = DF79BBBA262E3030003C00F7 /* FIrebase Config.app */;
			productType = "com.apple.product-type.application";
		};
/* End PBXNativeTarget section */

/* Begin PBXProject section */
		DF79BBB2262E3030003C00F7 /* Project object */ = {
			isa = PBXProject;
			attributes = {
				LastSwiftUpdateCheck = 1240;
				LastUpgradeCheck = 1240;
				TargetAttributes = {
					DF79BBB9262E3030003C00F7 = {
						CreatedOnToolsVersion = 12.4;
					};
				};
			};
			buildConfigurationList = DF79BBB5262E3030003C00F7 /* Build configuration list for PBXProject "FIrebase Config" */;
			compatibilityVersion = "Xcode 9.3";
			developmentRegion = en;
			hasScannedForEncodings = 0;
			knownRegions = (
				en,
				Base,
			);
			mainGroup = DF79BBB1262E3030003C00F7;
			productRefGroup = DF79BBBB262E3030003C00F7 /* Products */;
			projectDirPath = "";
			projectRoot = "";
			targets = (
				DF79BBB9262E3030003C00F7 /* FIrebase Config */,
			);
		};
/* End PBXProject section */

/* Begin PBXResourcesBuildPhase section */
		DF79BBB8262E3030003C00F7 /* Resources */ = {
			isa = PBXResourcesBuildPhase;
			buildActionMask = 2147483647;
			files = (
				DF79BBCA262E3032003C00F7 /* LaunchScreen.storyboard in Resources */,
				DF79BBD3262E310E003C00F7 /* GoogleService-Info.plist in Resources */,
				DF79BBC7262E3032003C00F7 /* Assets.xcassets in Resources */,
				DF79BBC5262E3030003C00F7 /* Main.storyboard in Resources */,
			);
			runOnlyForDeploymentPostprocessing = 0;
		};
/* End PBXResourcesBuildPhase section */

/* Begin PBXShellScriptBuildPhase section */
		46D1FA21A24C2E41C9E09AA3 /* [CP] Check Pods Manifest.lock */ = {
			isa = PBXShellScriptBuildPhase;
			buildActionMask = 2147483647;
			files = (
			);
			inputFileListPaths = (
			);
			inputPaths = (
				"${PODS_PODFILE_DIR_PATH}/Podfile.lock",
				"${PODS_ROOT}/Manifest.lock",
			);
			name = "[CP] Check Pods Manifest.lock";
			outputFileListPaths = (
			);
			outputPaths = (
				"$(DERIVED_FILE_DIR)/Pods-FIrebase Config-checkManifestLockResult.txt",
			);
			runOnlyForDeploymentPostprocessing = 0;
			shellPath = /bin/sh;
			shellScript = "diff \"${PODS_PODFILE_DIR_PATH}/Podfile.lock\" \"${PODS_ROOT}/Manifest.lock\" > /dev/null\nif [ $? != 0 ] ; then\n    # print error to STDERR\n    echo \"error: The sandbox is not in sync with the Podfile.lock. Run 'pod install' or update your CocoaPods installation.\" >&2\n    exit 1\nfi\n# This output is used by Xcode 'outputs' to avoid re-running this script phase.\necho \"SUCCESS\" > \"${SCRIPT_OUTPUT_FILE_0}\"\n";
			showEnvVarsInLog = 0;
		};
		AF2D915BE6AB4D99358C91D6 /* [CP] Embed Pods Frameworks */ = {
			isa = PBXShellScriptBuildPhase;
			buildActionMask = 2147483647;
			files = (
			);
			inputFileListPaths = (
				"${PODS_ROOT}/Target Support Files/Pods-FIrebase Config/Pods-FIrebase Config-frameworks-${CONFIGURATION}-input-files.xcfilelist",
			);
			name = "[CP] Embed Pods Frameworks";
			outputFileListPaths = (
				"${PODS_ROOT}/Target Support Files/Pods-FIrebase Config/Pods-FIrebase Config-frameworks-${CONFIGURATION}-output-files.xcfilelist",
			);
			runOnlyForDeploymentPostprocessing = 0;
			shellPath = /bin/sh;
			shellScript = "\"${PODS_ROOT}/Target Support Files/Pods-FIrebase Config/Pods-FIrebase Config-frameworks.sh\"\n";
			showEnvVarsInLog = 0;
		};
/* End PBXShellScriptBuildPhase section */

/* Begin PBXSourcesBuildPhase section */
		DF79BBB6262E3030003C00F7 /* Sources */ = {
			isa = PBXSourcesBuildPhase;
			buildActionMask = 2147483647;
			files = (
				DF79BBC2262E3030003C00F7 /* ViewController.swift in Sources */,
				DF79BBBE262E3030003C00F7 /* AppDelegate.swift in Sources */,
				DF79BBC0262E3030003C00F7 /* SceneDelegate.swift in Sources */,
			);
			runOnlyForDeploymentPostprocessing = 0;
		};
/* End PBXSourcesBuildPhase section */

/* Begin PBXVariantGroup section */
		DF79BBC3262E3030003C00F7 /* Main.storyboard */ = {
			isa = PBXVariantGroup;
			children = (
				DF79BBC4262E3030003C00F7 /* Base */,
			);
			name = Main.storyboard;
			sourceTree = "<group>";
		};
		DF79BBC8262E3032003C00F7 /* LaunchScreen.storyboard */ = {
			isa = PBXVariantGroup;
			children = (
				DF79BBC9262E3032003C00F7 /* Base */,
			);
			name = LaunchScreen.storyboard;
			sourceTree = "<group>";
		};
/* End PBXVariantGroup section */

/* Begin XCBuildConfiguration section */
		DF79BBCC262E3032003C00F7 /* Debug */ = {
			isa = XCBuildConfiguration;
			buildSettings = {
				ALWAYS_SEARCH_USER_PATHS = NO;
				CLANG_ANALYZER_NONNULL = YES;
				CLANG_ANALYZER_NUMBER_OBJECT_CONVERSION = YES_AGGRESSIVE;
				CLANG_CXX_LANGUAGE_STANDARD = "gnu++14";
				CLANG_CXX_LIBRARY = "libc++";
				CLANG_ENABLE_MODULES = YES;
				CLANG_ENABLE_OBJC_ARC = YES;
				CLANG_ENABLE_OBJC_WEAK = YES;
				CLANG_WARN_BLOCK_CAPTURE_AUTORELEASING = YES;
				CLANG_WARN_BOOL_CONVERSION = YES;
				CLANG_WARN_COMMA = YES;
				CLANG_WARN_CONSTANT_CONVERSION = YES;
				CLANG_WARN_DEPRECATED_OBJC_IMPLEMENTATIONS = YES;
				CLANG_WARN_DIRECT_OBJC_ISA_USAGE = YES_ERROR;
				CLANG_WARN_DOCUMENTATION_COMMENTS = YES;
				CLANG_WARN_EMPTY_BODY = YES;
				CLANG_WARN_ENUM_CONVERSION = YES;
				CLANG_WARN_INFINITE_RECURSION = YES;
				CLANG_WARN_INT_CONVERSION = YES;
				CLANG_WARN_NON_LITERAL_NULL_CONVERSION = YES;
				CLANG_WARN_OBJC_IMPLICIT_RETAIN_SELF = YES;
				CLANG_WARN_OBJC_LITERAL_CONVERSION = YES;
				CLANG_WARN_OBJC_ROOT_CLASS = YES_ERROR;
				CLANG_WARN_QUOTED_INCLUDE_IN_FRAMEWORK_HEADER = YES;
				CLANG_WARN_RANGE_LOOP_ANALYSIS = YES;
				CLANG_WARN_STRICT_PROTOTYPES = YES;
				CLANG_WARN_SUSPICIOUS_MOVE = YES;
				CLANG_WARN_UNGUARDED_AVAILABILITY = YES_AGGRESSIVE;
				CLANG_WARN_UNREACHABLE_CODE = YES;
				CLANG_WARN__DUPLICATE_METHOD_MATCH = YES;
				COPY_PHASE_STRIP = NO;
				DEBUG_INFORMATION_FORMAT = dwarf;
				ENABLE_STRICT_OBJC_MSGSEND = YES;
				ENABLE_TESTABILITY = YES;
				GCC_C_LANGUAGE_STANDARD = gnu11;
				GCC_DYNAMIC_NO_PIC = NO;
				GCC_NO_COMMON_BLOCKS = YES;
				GCC_OPTIMIZATION_LEVEL = 0;
				GCC_PREPROCESSOR_DEFINITIONS = (
					"DEBUG=1",
					"$(inherited)",
				);
				GCC_WARN_64_TO_32_BIT_CONVERSION = YES;
				GCC_WARN_ABOUT_RETURN_TYPE = YES_ERROR;
				GCC_WARN_UNDECLARED_SELECTOR = YES;
				GCC_WARN_UNINITIALIZED_AUTOS = YES_AGGRESSIVE;
				GCC_WARN_UNUSED_FUNCTION = YES;
				GCC_WARN_UNUSED_VARIABLE = YES;
				IPHONEOS_DEPLOYMENT_TARGET = 14.4;
				MTL_ENABLE_DEBUG_INFO = INCLUDE_SOURCE;
				MTL_FAST_MATH = YES;
				ONLY_ACTIVE_ARCH = YES;
				SDKROOT = iphoneos;
				SWIFT_ACTIVE_COMPILATION_CONDITIONS = DEBUG;
				SWIFT_OPTIMIZATION_LEVEL = "-Onone";
			};
			name = Debug;
		};
		DF79BBCD262E3032003C00F7 /* Release */ = {
			isa = XCBuildConfiguration;
			buildSettings = {
				ALWAYS_SEARCH_USER_PATHS = NO;
				CLANG_ANALYZER_NONNULL = YES;
				CLANG_ANALYZER_NUMBER_OBJECT_CONVERSION = YES_AGGRESSIVE;
				CLANG_CXX_LANGUAGE_STANDARD = "gnu++14";
				CLANG_CXX_LIBRARY = "libc++";
				CLANG_ENABLE_MODULES = YES;
				CLANG_ENABLE_OBJC_ARC = YES;
				CLANG_ENABLE_OBJC_WEAK = YES;
				CLANG_WARN_BLOCK_CAPTURE_AUTORELEASING = YES;
				CLANG_WARN_BOOL_CONVERSION = YES;
				CLANG_WARN_COMMA = YES;
				CLANG_WARN_CONSTANT_CONVERSION = YES;
				CLANG_WARN_DEPRECATED_OBJC_IMPLEMENTATIONS = YES;
				CLANG_WARN_DIRECT_OBJC_ISA_USAGE = YES_ERROR;
				CLANG_WARN_DOCUMENTATION_COMMENTS = YES;
				CLANG_WARN_EMPTY_BODY = YES;
				CLANG_WARN_ENUM_CONVERSION = YES;
				CLANG_WARN_INFINITE_RECURSION = YES;
				CLANG_WARN_INT_CONVERSION = YES;
				CLANG_WARN_NON_LITERAL_NULL_CONVERSION = YES;
				CLANG_WARN_OBJC_IMPLICIT_RETAIN_SELF = YES;
				CLANG_WARN_OBJC_LITERAL_CONVERSION = YES;
				CLANG_WARN_OBJC_ROOT_CLASS = YES_ERROR;
				CLANG_WARN_QUOTED_INCLUDE_IN_FRAMEWORK_HEADER = YES;
				CLANG_WARN_RANGE_LOOP_ANALYSIS = YES;
				CLANG_WARN_STRICT_PROTOTYPES = YES;
				CLANG_WARN_SUSPICIOUS_MOVE = YES;
				CLANG_WARN_UNGUARDED_AVAILABILITY = YES_AGGRESSIVE;
				CLANG_WARN_UNREACHABLE_CODE = YES;
				CLANG_WARN__DUPLICATE_METHOD_MATCH = YES;
				COPY_PHASE_STRIP = NO;
				DEBUG_INFORMATION_FORMAT = "dwarf-with-dsym";
				ENABLE_NS_ASSERTIONS = NO;
				ENABLE_STRICT_OBJC_MSGSEND = YES;
				GCC_C_LANGUAGE_STANDARD = gnu11;
				GCC_NO_COMMON_BLOCKS = YES;
				GCC_WARN_64_TO_32_BIT_CONVERSION = YES;
				GCC_WARN_ABOUT_RETURN_TYPE = YES_ERROR;
				GCC_WARN_UNDECLARED_SELECTOR = YES;
				GCC_WARN_UNINITIALIZED_AUTOS = YES_AGGRESSIVE;
				GCC_WARN_UNUSED_FUNCTION = YES;
				GCC_WARN_UNUSED_VARIABLE = YES;
				IPHONEOS_DEPLOYMENT_TARGET = 14.4;
				MTL_ENABLE_DEBUG_INFO = NO;
				MTL_FAST_MATH = YES;
				SDKROOT = iphoneos;
				SWIFT_COMPILATION_MODE = wholemodule;
				SWIFT_OPTIMIZATION_LEVEL = "-O";
				VALIDATE_PRODUCT = YES;
			};
			name = Release;
		};
		DF79BBCF262E3032003C00F7 /* Debug */ = {
			isa = XCBuildConfiguration;
			baseConfigurationReference = FB19888367E5CA3F9F91B8A3 /* Pods-FIrebase Config.debug.xcconfig */;
			buildSettings = {
				ASSETCATALOG_COMPILER_APPICON_NAME = AppIcon;
				ASSETCATALOG_COMPILER_GLOBAL_ACCENT_COLOR_NAME = AccentColor;
				CODE_SIGN_ENTITLEMENTS = "FIrebase Config/FIrebase Config.entitlements";
				CODE_SIGN_STYLE = Automatic;
				DEVELOPMENT_TEAM = 8C9UMVY9L4;
				INFOPLIST_FILE = "FIrebase Config/Info.plist";
				LD_RUNPATH_SEARCH_PATHS = (
					"$(inherited)",
					"@executable_path/Frameworks",
				);
				PRODUCT_BUNDLE_IDENTIFIER = "caio.teste.FIrebase-Config";
				PRODUCT_NAME = "$(TARGET_NAME)";
				SWIFT_VERSION = 5.0;
				TARGETED_DEVICE_FAMILY = "1,2";
			};
			name = Debug;
		};
		DF79BBD0262E3032003C00F7 /* Release */ = {
			isa = XCBuildConfiguration;
			baseConfigurationReference = B098D5C6105DF52223A85E73 /* Pods-FIrebase Config.release.xcconfig */;
			buildSettings = {
				ASSETCATALOG_COMPILER_APPICON_NAME = AppIcon;
				ASSETCATALOG_COMPILER_GLOBAL_ACCENT_COLOR_NAME = AccentColor;
				CODE_SIGN_ENTITLEMENTS = "FIrebase Config/FIrebase Config.entitlements";
				CODE_SIGN_STYLE = Automatic;
				DEVELOPMENT_TEAM = 8C9UMVY9L4;
				INFOPLIST_FILE = "FIrebase Config/Info.plist";
				LD_RUNPATH_SEARCH_PATHS = (
					"$(inherited)",
					"@executable_path/Frameworks",
				);
				PRODUCT_BUNDLE_IDENTIFIER = "caio.teste.FIrebase-Config";
				PRODUCT_NAME = "$(TARGET_NAME)";
				SWIFT_VERSION = 5.0;
				TARGETED_DEVICE_FAMILY = "1,2";
			};
			name = Release;
		};
/* End XCBuildConfiguration section */

/* Begin XCConfigurationList section */
		DF79BBB5262E3030003C00F7 /* Build configuration list for PBXProject "FIrebase Config" */ = {
			isa = XCConfigurationList;
			buildConfigurations = (
				DF79BBCC262E3032003C00F7 /* Debug */,
				DF79BBCD262E3032003C00F7 /* Release */,
			);
			defaultConfigurationIsVisible = 0;
			defaultConfigurationName = Release;
		};
		DF79BBCE262E3032003C00F7 /* Build configuration list for PBXNativeTarget "FIrebase Config" */ = {
			isa = XCConfigurationList;
			buildConfigurations = (
				DF79BBCF262E3032003C00F7 /* Debug */,
				DF79BBD0262E3032003C00F7 /* Release */,
			);
			defaultConfigurationIsVisible = 0;
			defaultConfigurationName = Release;
		};
/* End XCConfigurationList section */
	};
	rootObject = DF79BBB2262E3030003C00F7 /* Project object */;
}
